# This file is autogenerated, do not edit; changes may be undone by the next 'dep ensure'.


[[projects]]
  branch = "master"
  name = "github.com/GeertJohan/go.rice"
  packages = [
    ".",
    "embedded"
  ]
  revision = "c02ca9a983da5807ddf7d796784928f5be4afd09"

[[projects]]
  branch = "master"
  name = "github.com/azer/debug"
  packages = ["."]
  revision = "4769e572857fa58702ece9dde244b3c42de17498"

[[projects]]
  branch = "master"
  name = "github.com/azer/go-style"
  packages = ["."]
  revision = "14e31c5abbe5c10d3ea655bec860b312d2225f84"

[[projects]]
  branch = "master"
  name = "github.com/daaku/go.zipexe"
  packages = ["."]
  revision = "a5fe2436ffcb3236e175e5149162b41cd28bd27d"

[[projects]]
  name = "github.com/gomodule/redigo"
  packages = [
    "internal",
    "redis"
  ]
  revision = "9c11da706d9b7902c6da69c592f75637793fe121"
  version = "v2.0.0"

[[projects]]
  branch = "master"
  name = "github.com/kardianos/osext"
  packages = ["."]
  revision = "ae77be60afb1dcacde03767a8c37337fad28ac14"

[[projects]]
  name = "github.com/mroth/sseserver"
  packages = ["."]
  revision = "19484734a97ce2201d04989a667463a68f63992f"
  version = "v1.0.0"

[[projects]]
  branch = "master"
  name = "github.com/yvasiyarov/go-metrics"
  packages = ["."]
  revision = "c25f46c4b94079672242ec48a545e7ca9ebe3aec"

[[projects]]
  name = "github.com/yvasiyarov/gorelic"
  packages = ["."]
  revision = "4dc1bb7ab951bc884feb2c009092b1a454152355"
  version = "v0.0.6"

[[projects]]
  branch = "master"
  name = "github.com/yvasiyarov/newrelic_platform_go"
  packages = ["."]
  revision = "9c099fbc30e90de5bb5c5f94aa5fd08f2daeaacd"

[solve-meta]
  analyzer-name = "dep"
  analyzer-version = 1
  inputs-digest = "0f17d8e7e60dae73ea0bc4909e9d3d984d5531d5196dfc54bec25b04be376cf1"
  solver-name = "gps-cdcl"
  solver-version = 1
